
Microsoft Visual Studio Solution File, Format Version 12.00
# Visual Studio Version 16
VisualStudioVersion = 16.0.31005.135
MinimumVisualStudioVersion = 10.0.40219.1
Project("{FAE04EC0-301F-11D3-BF4B-00C04F79EFBC}") = "GraphQlApi", "GraphQlApi\GraphQlApi.csproj", "{71534904-4211-441D-81BD-231E9B777779}"
EndProject
Global
	GlobalSection(SolutionConfigurationPlatforms) = preSolution
		Debug|Any CPU = Debug|Any CPU
		Release|Any CPU = Release|Any CPU
	EndGlobalSection
	GlobalSection(ProjectConfigurationPlatforms) = postSolution
		{71534904-4211-441D-81BD-231E9B777779}.Debug|Any CPU.ActiveCfg = Debug|Any CPU
		{71534904-4211-441D-81BD-231E9B777779}.Debug|Any CPU.Build.0 = Debug|Any CPU
		{71534904-4211-441D-81BD-231E9B777779}.Release|Any CPU.ActiveCfg = Release|Any CPU
		{71534904-4211-441D-81BD-231E9B777779}.Release|Any CPU.Build.0 = Release|Any CPU
	EndGlobalSection
	GlobalSection(SolutionProperties) = preSolution
		HideSolutionNode = FALSE
	EndGlobalSection
	GlobalSection(ExtensibilityGlobals) = postSolution
		SolutionGuid = {F91AC1D9-7DC2-4615-A5B1-634FA86EC69D}
	EndGlobalSection
EndGlobal
